Microsoft Visual Studio Solution File, Format Version 12.00
# Visual Studio 2012
Project("{FAE04EC0-301F-11D3-BF4B-00C04F79EFBC}") = "Wave Function Collapse", "Wave Function Collapse.csproj", "{1A797F5A-4570-4728-8239-36E3C00F3CDB}"
EndProject
Global
	GlobalSection(SolutionConfigurationPlatforms) = preSolution
	Debug|Any CPU = Debug|Any CPU
	ExportDebug|Any CPU = ExportDebug|Any CPU
	ExportRelease|Any CPU = ExportRelease|Any CPU
	EndGlobalSection
	GlobalSection(ProjectConfigurationPlatforms) = postSolution
		{1A797F5A-4570-4728-8239-36E3C00F3CDB}.Debug|Any CPU.ActiveCfg = Debug|Any CPU
		{1A797F5A-4570-4728-8239-36E3C00F3CDB}.Debug|Any CPU.Build.0 = Debug|Any CPU
		{1A797F5A-4570-4728-8239-36E3C00F3CDB}.ExportDebug|Any CPU.ActiveCfg = ExportDebug|Any CPU
		{1A797F5A-4570-4728-8239-36E3C00F3CDB}.ExportDebug|Any CPU.Build.0 = ExportDebug|Any CPU
		{1A797F5A-4570-4728-8239-36E3C00F3CDB}.ExportRelease|Any CPU.ActiveCfg = ExportRelease|Any CPU
		{1A797F5A-4570-4728-8239-36E3C00F3CDB}.ExportRelease|Any CPU.Build.0 = ExportRelease|Any CPU
	EndGlobalSection
EndGlobal
